
Microsoft Visual Studio Solution File, Format Version 11.00
# Visual Studio 2010
Project("{FAE04EC0-301F-11D3-BF4B-00C04F79EFBC}") = "prjFormExercicio4", "prjFormExercicio4\prjFormExercicio4.csproj", "{822B71E1-887B-49E3-A37A-1D12481FBC42}"
EndProject
Global
	GlobalSection(SolutionConfigurationPlatforms) = preSolution
		Debug|x86 = Debug|x86
		Release|x86 = Release|x86
	EndGlobalSection
	GlobalSection(ProjectConfigurationPlatforms) = postSolution
		{822B71E1-887B-49E3-A37A-1D12481FBC42}.Debug|x86.ActiveCfg = Debug|x86
		{822B71E1-887B-49E3-A37A-1D12481FBC42}.Debug|x86.Build.0 = Debug|x86
		{822B71E1-887B-49E3-A37A-1D12481FBC42}.Release|x86.ActiveCfg = Release|x86
		{822B71E1-887B-49E3-A37A-1D12481FBC42}.Release|x86.Build.0 = Release|x86
	EndGlobalSection
	GlobalSection(SolutionProperties) = preSolution
		HideSolutionNode = FALSE
	EndGlobalSection
EndGlobal
