
Microsoft Visual Studio Solution File, Format Version 11.00
# Visual Studio 2010
Project("{FAE04EC0-301F-11D3-BF4B-00C04F79EFBC}") = "PrjAula01", "PrjAula01\PrjAula01.csproj", "{C266E734-27B6-4C99-A573-C42567AF804D}"
EndProject
Global
	GlobalSection(SolutionConfigurationPlatforms) = preSolution
		Debug|x86 = Debug|x86
		Release|x86 = Release|x86
	EndGlobalSection
	GlobalSection(ProjectConfigurationPlatforms) = postSolution
		{C266E734-27B6-4C99-A573-C42567AF804D}.Debug|x86.ActiveCfg = Debug|x86
		{C266E734-27B6-4C99-A573-C42567AF804D}.Debug|x86.Build.0 = Debug|x86
		{C266E734-27B6-4C99-A573-C42567AF804D}.Release|x86.ActiveCfg = Release|x86
		{C266E734-27B6-4C99-A573-C42567AF804D}.Release|x86.Build.0 = Release|x86
	EndGlobalSection
	GlobalSection(SolutionProperties) = preSolution
		HideSolutionNode = FALSE
	EndGlobalSection
EndGlobal
